
Microsoft Visual Studio Solution File, Format Version 12.00
# Visual Studio 15
VisualStudioVersion = 15.0.27130.2024
MinimumVisualStudioVersion = 10.0.40219.1
Project("{FAE04EC0-301F-11D3-BF4B-00C04F79EFBC}") = "NicklasSjov", "NicklasSjov\NicklasSjov.csproj", "{DE1ACC47-F0B9-4630-9F1B-47B3F90ECEC3}"
EndProject
Project("{FAE04EC0-301F-11D3-BF4B-00C04F79EFBC}") = "BackEnd", "BackEnd\BackEnd.csproj", "{B0B8330D-9BEE-417B-A4AF-253792650342}"
EndProject
Global
	GlobalSection(SolutionConfigurationPlatforms) = preSolution
		Debug|Any CPU = Debug|Any CPU
		Release|Any CPU = Release|Any CPU
	EndGlobalSection
	GlobalSection(ProjectConfigurationPlatforms) = postSolution
		{DE1ACC47-F0B9-4630-9F1B-47B3F90ECEC3}.Debug|Any CPU.ActiveCfg = Debug|Any CPU
		{DE1ACC47-F0B9-4630-9F1B-47B3F90ECEC3}.Debug|Any CPU.Build.0 = Debug|Any CPU
		{DE1ACC47-F0B9-4630-9F1B-47B3F90ECEC3}.Release|Any CPU.ActiveCfg = Release|Any CPU
		{DE1ACC47-F0B9-4630-9F1B-47B3F90ECEC3}.Release|Any CPU.Build.0 = Release|Any CPU
		{B0B8330D-9BEE-417B-A4AF-253792650342}.Debug|Any CPU.ActiveCfg = Debug|Any CPU
		{B0B8330D-9BEE-417B-A4AF-253792650342}.Debug|Any CPU.Build.0 = Debug|Any CPU
		{B0B8330D-9BEE-417B-A4AF-253792650342}.Release|Any CPU.ActiveCfg = Release|Any CPU
		{B0B8330D-9BEE-417B-A4AF-253792650342}.Release|Any CPU.Build.0 = Release|Any CPU
	EndGlobalSection
	GlobalSection(SolutionProperties) = preSolution
		HideSolutionNode = FALSE
	EndGlobalSection
	GlobalSection(ExtensibilityGlobals) = postSolution
		SolutionGuid = {5368329E-F130-43D1-B615-349D15C9AE5A}
	EndGlobalSection
EndGlobal
